{
  "version": 4,
  "terraform_version": "1.13.1",
  "serial": 8,
  "lineage": "e174afa3-4614-9305-9acf-693039e28acd",
  "outputs": {},
  "resources": [
    {
      "module": "module.project[\"cloud-infrastructure\"]",
      "mode": "managed",
      "type": "tfe_project",
      "name": "self",
      "provider": "provider[\"registry.terraform.io/hashicorp/tfe\"]",
      "instances": [
        {
          "schema_version": 0,
          "attributes": {
            "id": "prj-tAqucdhfhWiLx81Z",
            "name": "cloud-infrastructure",
            "organization": "sebbie"
          },
          "sensitive_attributes": [],
          "identity_schema_version": 0,
          "private": "bnVsbA=="
        }
      ]
    },
    {
      "module": "module.workspace[\"cloud-infrastructure\"]",
      "mode": "data",
      "type": "tfe_organization",
      "name": "self",
      "provider": "provider[\"registry.terraform.io/hashicorp/tfe\"]",
      "instances": [
        {
          "schema_version": 0,
          "attributes": {
            "assessments_enforced": false,
            "collaborator_auth_policy": "password",
            "cost_estimation_enabled": false,
            "default_project_id": "prj-K8vMdyY5P41LCnS2",
            "email": "sebbievilar2@gmail.com",
            "external_id": "org-ikSdL69L6Y527jYE",
            "id": "org-ikSdL69L6Y527jYE",
            "name": "sebbie",
            "owners_team_saml_role_id": "",
            "send_passing_statuses_for_untriggered_speculative_plans": false,
            "two_factor_conformant": true
          },
          "sensitive_attributes": [],
          "identity_schema_version": 0
        }
      ]
    },
    {
      "module": "module.workspace[\"cloud-infrastructure\"]",
      "mode": "managed",
      "type": "tfe_workspace",
      "name": "self",
      "provider": "provider[\"registry.terraform.io/hashicorp/tfe\"]",
      "instances": [
        {
          "schema_version": 1,
          "attributes": {
            "agent_pool_id": "",
            "allow_destroy_plan": false,
            "assessments_enabled": false,
            "auto_apply": false,
            "description": "example description project",
            "execution_mode": "local",
            "file_triggers_enabled": true,
            "force_delete": false,
            "global_remote_state": false,
            "html_url": "https://app.terraform.io/app/sebbie/workspaces/cloud-infrastructure",
            "id": "ws-zbfzpPQ9pYsdtFpZ",
            "name": "cloud-infrastructure",
            "operations": false,
            "organization": "sebbie",
            "project_id": "prj-tAqucdhfhWiLx81Z",
            "queue_all_runs": true,
            "remote_state_consumer_ids": [],
            "resource_count": 0,
            "source_name": "",
            "source_url": "",
            "speculative_enabled": true,
            "ssh_key_id": "",
            "structured_run_output_enabled": true,
            "tag_names": [],
            "terraform_version": "1.13.3",
            "trigger_patterns": [],
            "trigger_prefixes": [],
            "vcs_repo": [],
            "working_directory": ""
          },
          "sensitive_attributes": [],
          "identity_schema_version": 0,
          "private": "eyJzY2hlbWFfdmVyc2lvbiI6IjEifQ==",
          "dependencies": [
            "module.project.tfe_project.self",
            "module.project.tfe_team_project_access.self",
            "module.workspace.data.tfe_organization.self"
          ]
        }
      ]
    }
  ],
  "check_results": null
}
